
Microsoft Visual Studio Solution File, Format Version 12.00
# Visual Studio Version 16
VisualStudioVersion = 16.0.33328.57
MinimumVisualStudioVersion = 10.0.40219.1
Project("{FAE04EC0-301F-11D3-BF4B-00C04F79EFBC}") = "StockTradPlatform", "StockTradPlatform\StockTradPlatform.csproj", "{D6E24ACC-4E9B-437E-B93D-2EE62F97DD91}"
EndProject
Project("{FAE04EC0-301F-11D3-BF4B-00C04F79EFBC}") = "AdminPart", "AdminPart\AdminPart.csproj", "{1AB12608-0528-4011-AFDB-77B59826F648}"
EndProject
Project("{FAE04EC0-301F-11D3-BF4B-00C04F79EFBC}") = "UserPart", "UserPart\UserPart.csproj", "{DA6376D2-0E5A-4B02-80AF-5C08E3318149}"
EndProject
Project("{FAE04EC0-301F-11D3-BF4B-00C04F79EFBC}") = "IAdminAuth", "IUserAuth\IAdminAuth.csproj", "{3E7F0BE0-3C00-4C3B-8A6A-189D3BA55155}"
EndProject
Project("{FAE04EC0-301F-11D3-BF4B-00C04F79EFBC}") = "IUserAdminCommon", "IUserAdminCommon\IUserAdminCommon.csproj", "{78F8321A-D9A9-43ED-BD45-3E44E142351B}"
EndProject
Project("{FAE04EC0-301F-11D3-BF4B-00C04F79EFBC}") = "IAdminOperations", "IAdminOperations\IAdminOperations.csproj", "{5BAF428F-F6FC-4492-80C0-4F3FE9697FE7}"
EndProject
Global
	GlobalSection(SolutionConfigurationPlatforms) = preSolution
		Debug|Any CPU = Debug|Any CPU
		Release|Any CPU = Release|Any CPU
	EndGlobalSection
	GlobalSection(ProjectConfigurationPlatforms) = postSolution
		{D6E24ACC-4E9B-437E-B93D-2EE62F97DD91}.Debug|Any CPU.ActiveCfg = Debug|Any CPU
		{D6E24ACC-4E9B-437E-B93D-2EE62F97DD91}.Debug|Any CPU.Build.0 = Debug|Any CPU
		{D6E24ACC-4E9B-437E-B93D-2EE62F97DD91}.Release|Any CPU.ActiveCfg = Release|Any CPU
		{D6E24ACC-4E9B-437E-B93D-2EE62F97DD91}.Release|Any CPU.Build.0 = Release|Any CPU
		{1AB12608-0528-4011-AFDB-77B59826F648}.Debug|Any CPU.ActiveCfg = Debug|Any CPU
		{1AB12608-0528-4011-AFDB-77B59826F648}.Debug|Any CPU.Build.0 = Debug|Any CPU
		{1AB12608-0528-4011-AFDB-77B59826F648}.Release|Any CPU.ActiveCfg = Release|Any CPU
		{1AB12608-0528-4011-AFDB-77B59826F648}.Release|Any CPU.Build.0 = Release|Any CPU
		{DA6376D2-0E5A-4B02-80AF-5C08E3318149}.Debug|Any CPU.ActiveCfg = Debug|Any CPU
		{DA6376D2-0E5A-4B02-80AF-5C08E3318149}.Debug|Any CPU.Build.0 = Debug|Any CPU
		{DA6376D2-0E5A-4B02-80AF-5C08E3318149}.Release|Any CPU.ActiveCfg = Release|Any CPU
		{DA6376D2-0E5A-4B02-80AF-5C08E3318149}.Release|Any CPU.Build.0 = Release|Any CPU
		{3E7F0BE0-3C00-4C3B-8A6A-189D3BA55155}.Debug|Any CPU.ActiveCfg = Debug|Any CPU
		{3E7F0BE0-3C00-4C3B-8A6A-189D3BA55155}.Debug|Any CPU.Build.0 = Debug|Any CPU
		{3E7F0BE0-3C00-4C3B-8A6A-189D3BA55155}.Release|Any CPU.ActiveCfg = Release|Any CPU
		{3E7F0BE0-3C00-4C3B-8A6A-189D3BA55155}.Release|Any CPU.Build.0 = Release|Any CPU
		{78F8321A-D9A9-43ED-BD45-3E44E142351B}.Debug|Any CPU.ActiveCfg = Debug|Any CPU
		{78F8321A-D9A9-43ED-BD45-3E44E142351B}.Debug|Any CPU.Build.0 = Debug|Any CPU
		{78F8321A-D9A9-43ED-BD45-3E44E142351B}.Release|Any CPU.ActiveCfg = Release|Any CPU
		{78F8321A-D9A9-43ED-BD45-3E44E142351B}.Release|Any CPU.Build.0 = Release|Any CPU
		{5BAF428F-F6FC-4492-80C0-4F3FE9697FE7}.Debug|Any CPU.ActiveCfg = Debug|Any CPU
		{5BAF428F-F6FC-4492-80C0-4F3FE9697FE7}.Debug|Any CPU.Build.0 = Debug|Any CPU
		{5BAF428F-F6FC-4492-80C0-4F3FE9697FE7}.Release|Any CPU.ActiveCfg = Release|Any CPU
		{5BAF428F-F6FC-4492-80C0-4F3FE9697FE7}.Release|Any CPU.Build.0 = Release|Any CPU
	EndGlobalSection
	GlobalSection(SolutionProperties) = preSolution
		HideSolutionNode = FALSE
	EndGlobalSection
	GlobalSection(ExtensibilityGlobals) = postSolution
		SolutionGuid = {3E3DB044-FA89-45EB-96B3-D776C3BCA4A5}
	EndGlobalSection
EndGlobal
